// !$*UTF8*$!
{
	archiveVersion = 1;
	classes = {
	};
	objectVersion = 46;
	objects = {

/* Begin PBXBuildFile section */
		BA1AD46D1E18167B00E50ADB /* autobuild.py in Resources */ = {isa = PBXBuildFile; fileRef = BA1AD46B1E18167B00E50ADB /* autobuild.py */; };
		BA1AD46E1E18167B00E50ADB /* exportOptions.plist in Resources */ = {isa = PBXBuildFile; fileRef = BA1AD46C1E18167B00E50ADB /* exportOptions.plist */; };
		BACF29D71E1691A900E28D42 /* AppDelegate.swift in Sources */ = {isa = PBXBuildFile; fileRef = BACF29D61E1691A900E28D42 /* AppDelegate.swift */; };
		BACF29D91E1691A900E28D42 /* RecordViewController.swift in Sources */ = {isa = PBXBuildFile; fileRef = BACF29D81E1691A900E28D42 /* RecordViewController.swift */; };
		BACF29DB1E1691A900E28D42 /* SleepViewController.swift in Sources */ = {isa = PBXBuildFile; fileRef = BACF29DA1E1691A900E28D42 /* SleepViewController.swift */; };
		BACF29DE1E1691A900E28D42 /* Main.storyboard in Resources */ = {isa = PBXBuildFile; fileRef = BACF29DC1E1691A900E28D42 /* Main.storyboard */; };
		BACF29E01E1691A900E28D42 /* Assets.xcassets in Resources */ = {isa = PBXBuildFile; fileRef = BACF29DF1E1691A900E28D42 /* Assets.xcassets */; };
		BACF29E31E1691A900E28D42 /* LaunchScreen.storyboard in Resources */ = {isa = PBXBuildFile; fileRef = BACF29E11E1691A900E28D42 /* LaunchScreen.storyboard */; };
		BACF29EE1E1691A900E28D42 /* GoodNightTests.swift in Sources */ = {isa = PBXBuildFile; fileRef = BACF29ED1E1691A900E28D42 /* GoodNightTests.swift */; };
		BACF29F91E1691A900E28D42 /* GoodNightUITests.swift in Sources */ = {isa = PBXBuildFile; fileRef = BACF29F81E1691A900E28D42 /* GoodNightUITests.swift */; };
		BAD4AF6D1E2DAFBD007C297A /* ShoppingViewController.swift in Sources */ = {isa = PBXBuildFile; fileRef = BAD4AF6C1E2DAFBD007C297A /* ShoppingViewController.swift */; };
/* End PBXBuildFile section */

/* Begin PBXContainerItemProxy section */
		BACF29EA1E1691A900E28D42 /* PBXContainerItemProxy */ = {
			isa = PBXContainerItemProxy;
			containerPortal = BACF29CB1E1691A800E28D42 /* Project object */;
			proxyType = 1;
			remoteGlobalIDString = BACF29D21E1691A800E28D42;
			remoteInfo = GoodNight;
		};
		BACF29F51E1691A900E28D42 /* PBXContainerItemProxy */ = {
			isa = PBXContainerItemProxy;
			containerPortal = BACF29CB1E1691A800E28D42 /* Project object */;
			proxyType = 1;
			remoteGlobalIDString = BACF29D21E1691A800E28D42;
			remoteInfo = GoodNight;
		};
/* End PBXContainerItemProxy section */

/* Begin PBXFileReference section */
		BA1AD46B1E18167B00E50ADB /* autobuild.py */ = {isa = PBXFileReference; fileEncoding = 4; lastKnownFileType = text.script.python; path = autobuild.py; sourceTree = "<group>"; };
		BA1AD46C1E18167B00E50ADB /* exportOptions.plist */ = {isa = PBXFileReference; fileEncoding = 4; lastKnownFileType = text.plist.xml; path = exportOptions.plist; sourceTree = "<group>"; };
		BACF29D31E1691A900E28D42 /* GoodNight.app */ = {isa = PBXFileReference; explicitFileType = wrapper.application; includeInIndex = 0; path = GoodNight.app; sourceTree = BUILT_PRODUCTS_DIR; };
		BACF29D61E1691A900E28D42 /* AppDelegate.swift */ = {isa = PBXFileReference; lastKnownFileType = sourcecode.swift; path = AppDelegate.swift; sourceTree = "<group>"; };
		BACF29D81E1691A900E28D42 /* RecordViewController.swift */ = {isa = PBXFileReference; lastKnownFileType = sourcecode.swift; path = RecordViewController.swift; sourceTree = "<group>"; };
		BACF29DA1E1691A900E28D42 /* SleepViewController.swift */ = {isa = PBXFileReference; lastKnownFileType = sourcecode.swift; path = SleepViewController.swift; sourceTree = "<group>"; };
		BACF29DD1E1691A900E28D42 /* Base */ = {isa = PBXFileReference; lastKnownFileType = file.storyboard; name = Base; path = Base.lproj/Main.storyboard; sourceTree = "<group>"; };
		BACF29DF1E1691A900E28D42 /* Assets.xcassets */ = {isa = PBXFileReference; lastKnownFileType = folder.assetcatalog; path = Assets.xcassets; sourceTree = "<group>"; };
		BACF29E21E1691A900E28D42 /* Base */ = {isa = PBXFileReference; lastKnownFileType = file.storyboard; name = Base; path = Base.lproj/LaunchScreen.storyboard; sourceTree = "<group>"; };
		BACF29E41E1691A900E28D42 /* Info.plist */ = {isa = PBXFileReference; lastKnownFileType = text.plist.xml; path = Info.plist; sourceTree = "<group>"; };
		BACF29E91E1691A900E28D42 /* GoodNightTests.xctest */ = {isa = PBXFileReference; explicitFileType = wrapper.cfbundle; includeInIndex = 0; path = GoodNightTests.xctest; sourceTree = BUILT_PRODUCTS_DIR; };
		BACF29ED1E1691A900E28D42 /* GoodNightTests.swift */ = {isa = PBXFileReference; lastKnownFileType = sourcecode.swift; path = GoodNightTests.swift; sourceTree = "<group>"; };
		BACF29EF1E1691A900E28D42 /* Info.plist */ = {isa = PBXFileReference; lastKnownFileType = text.plist.xml; path = Info.plist; sourceTree = "<group>"; };
		BACF29F41E1691A900E28D42 /* GoodNightUITests.xctest */ = {isa = PBXFileReference; explicitFileType = wrapper.cfbundle; includeInIndex = 0; path = GoodNightUITests.xctest; sourceTree = BUILT_PRODUCTS_DIR; };
		BACF29F81E1691A900E28D42 /* GoodNightUITests.swift */ = {isa = PBXFileReference; lastKnownFileType = sourcecode.swift; path = GoodNightUITests.swift; sourceTree = "<group>"; };
		BACF29FA1E1691A900E28D42 /* Info.plist */ = {isa = PBXFileReference; lastKnownFileType = text.plist.xml; path = Info.plist; sourceTree = "<group>"; };
		BAD4AF6C1E2DAFBD007C297A /* ShoppingViewController.swift */ = {isa = PBXFileReference; fileEncoding = 4; lastKnownFileType = sourcecode.swift; path = ShoppingViewController.swift; sourceTree = "<group>"; };
/* End PBXFileReference section */

/* Begin PBXFrameworksBuildPhase section */
		BACF29D01E1691A800E28D42 /* Frameworks */ = {
			isa = PBXFrameworksBuildPhase;
			buildActionMask = 2147483647;
			files = (
			);
			runOnlyForDeploymentPostprocessing = 0;
		};
		BACF29E61E1691A900E28D42 /* Frameworks */ = {
			isa = PBXFrameworksBuildPhase;
			buildActionMask = 2147483647;
			files = (
			);
			runOnlyForDeploymentPostprocessing = 0;
		};
		BACF29F11E1691A900E28D42 /* Frameworks */ = {
			isa = PBXFrameworksBuildPhase;
			buildActionMask = 2147483647;
			files = (
			);
			runOnlyForDeploymentPostprocessing = 0;
		};
/* End PBXFrameworksBuildPhase section */

/* Begin PBXGroup section */
		BA1AD46A1E18167B00E50ADB /* autobuild */ = {
			isa = PBXGroup;
			children = (
				BA1AD46B1E18167B00E50ADB /* autobuild.py */,
				BA1AD46C1E18167B00E50ADB /* exportOptions.plist */,
			);
			path = autobuild;
			sourceTree = "<group>";
		};
		BACF29CA1E1691A800E28D42 = {
			isa = PBXGroup;
			children = (
				BA1AD46A1E18167B00E50ADB /* autobuild */,
				BACF29D51E1691A900E28D42 /* GoodNight */,
				BACF29EC1E1691A900E28D42 /* GoodNightTests */,
				BACF29F71E1691A900E28D42 /* GoodNightUITests */,
				BACF29D41E1691A900E28D42 /* Products */,
			);
			sourceTree = "<group>";
		};
		BACF29D41E1691A900E28D42 /* Products */ = {
			isa = PBXGroup;
			children = (
				BACF29D31E1691A900E28D42 /* GoodNight.app */,
				BACF29E91E1691A900E28D42 /* GoodNightTests.xctest */,
				BACF29F41E1691A900E28D42 /* GoodNightUITests.xctest */,
			);
			name = Products;
			sourceTree = "<group>";
		};
		BACF29D51E1691A900E28D42 /* GoodNight */ = {
			isa = PBXGroup;
			children = (
				BACF29DC1E1691A900E28D42 /* Main.storyboard */,
				BACF29D61E1691A900E28D42 /* AppDelegate.swift */,
				BACF29D81E1691A900E28D42 /* RecordViewController.swift */,
				BACF29DA1E1691A900E28D42 /* SleepViewController.swift */,
				BAD4AF6C1E2DAFBD007C297A /* ShoppingViewController.swift */,
				BACF29DF1E1691A900E28D42 /* Assets.xcassets */,
				BACF29E11E1691A900E28D42 /* LaunchScreen.storyboard */,
				BACF29E41E1691A900E28D42 /* Info.plist */,
			);
			path = GoodNight;
			sourceTree = "<group>";
		};
		BACF29EC1E1691A900E28D42 /* GoodNightTests */ = {
			isa = PBXGroup;
			children = (
				BACF29ED1E1691A900E28D42 /* GoodNightTests.swift */,
				BACF29EF1E1691A900E28D42 /* Info.plist */,
			);
			path = GoodNightTests;
			sourceTree = "<group>";
		};
		BACF29F71E1691A900E28D42 /* GoodNightUITests */ = {
			isa = PBXGroup;
			children = (
				BACF29F81E1691A900E28D42 /* GoodNightUITests.swift */,
				BACF29FA1E1691A900E28D42 /* Info.plist */,
			);
			path = GoodNightUITests;
			sourceTree = "<group>";
		};
/* End PBXGroup section */

/* Begin PBXNativeTarget section */
		BACF29D21E1691A800E28D42 /* GoodNight */ = {
			isa = PBXNativeTarget;
			buildConfigurationList = BACF29FD1E1691A900E28D42 /* Build configuration list for PBXNativeTarget "GoodNight" */;
			buildPhases = (
				BACF29CF1E1691A800E28D42 /* Sources */,
				BACF29D01E1691A800E28D42 /* Frameworks */,
				BACF29D11E1691A800E28D42 /* Resources */,
			);
			buildRules = (
			);
			dependencies = (
			);
			name = GoodNight;
			productName = GoodNight;
			productReference = BACF29D31E1691A900E28D42 /* GoodNight.app */;
			productType = "com.apple.product-type.application";
		};
		BACF29E81E1691A900E28D42 /* GoodNightTests */ = {
			isa = PBXNativeTarget;
			buildConfigurationList = BACF2A001E1691A900E28D42 /* Build configuration list for PBXNativeTarget "GoodNightTests" */;
			buildPhases = (
				BACF29E51E1691A900E28D42 /* Sources */,
				BACF29E61E1691A900E28D42 /* Frameworks */,
				BACF29E71E1691A900E28D42 /* Resources */,
			);
			buildRules = (
			);
			dependencies = (
				BACF29EB1E1691A900E28D42 /* PBXTargetDependency */,
			);
			name = GoodNightTests;
			productName = GoodNightTests;
			productReference = BACF29E91E1691A900E28D42 /* GoodNightTests.xctest */;
			productType = "com.apple.product-type.bundle.unit-test";
		};
		BACF29F31E1691A900E28D42 /* GoodNightUITests */ = {
			isa = PBXNativeTarget;
			buildConfigurationList = BACF2A031E1691A900E28D42 /* Build configuration list for PBXNativeTarget "GoodNightUITests" */;
			buildPhases = (
				BACF29F01E1691A900E28D42 /* Sources */,
				BACF29F11E1691A900E28D42 /* Frameworks */,
				BACF29F21E1691A900E28D42 /* Resources */,
			);
			buildRules = (
			);
			dependencies = (
				BACF29F61E1691A900E28D42 /* PBXTargetDependency */,
			);
			name = GoodNightUITests;
			productName = GoodNightUITests;
			productReference = BACF29F41E1691A900E28D42 /* GoodNightUITests.xctest */;
			productType = "com.apple.product-type.bundle.ui-testing";
		};
/* End PBXNativeTarget section */

/* Begin PBXProject section */
		BACF29CB1E1691A800E28D42 /* Project object */ = {
			isa = PBXProject;
			attributes = {
				LastSwiftUpdateCheck = 0800;
				LastUpgradeCheck = 0800;
				ORGANIZATIONNAME = "刘毅";
				TargetAttributes = {
					BACF29D21E1691A800E28D42 = {
						CreatedOnToolsVersion = 8.0;
						DevelopmentTeam = BX9G65C6W8;
						ProvisioningStyle = Automatic;
					};
					BACF29E81E1691A900E28D42 = {
						CreatedOnToolsVersion = 8.0;
						DevelopmentTeam = BX9G65C6W8;
						ProvisioningStyle = Automatic;
						TestTargetID = BACF29D21E1691A800E28D42;
					};
					BACF29F31E1691A900E28D42 = {
						CreatedOnToolsVersion = 8.0;
						DevelopmentTeam = BX9G65C6W8;
						ProvisioningStyle = Automatic;
						TestTargetID = BACF29D21E1691A800E28D42;
					};
				};
			};
			buildConfigurationList = BACF29CE1E1691A800E28D42 /* Build configuration list for PBXProject "GoodNight" */;
			compatibilityVersion = "Xcode 3.2";
			developmentRegion = English;
			hasScannedForEncodings = 0;
			knownRegions = (
				en,
				Base,
			);
			mainGroup = BACF29CA1E1691A800E28D42;
			productRefGroup = BACF29D41E1691A900E28D42 /* Products */;
			projectDirPath = "";
			projectRoot = "";
			targets = (
				BACF29D21E1691A800E28D42 /* GoodNight */,
				BACF29E81E1691A900E28D42 /* GoodNightTests */,
				BACF29F31E1691A900E28D42 /* GoodNightUITests */,
			);
		};
/* End PBXProject section */

/* Begin PBXResourcesBuildPhase section */
		BACF29D11E1691A800E28D42 /* Resources */ = {
			isa = PBXResourcesBuildPhase;
			buildActionMask = 2147483647;
			files = (
				BA1AD46D1E18167B00E50ADB /* autobuild.py in Resources */,
				BACF29E31E1691A900E28D42 /* LaunchScreen.storyboard in Resources */,
				BA1AD46E1E18167B00E50ADB /* exportOptions.plist in Resources */,
				BACF29E01E1691A900E28D42 /* Assets.xcassets in Resources */,
				BACF29DE1E1691A900E28D42 /* Main.storyboard in Resources */,
			);
			runOnlyForDeploymentPostprocessing = 0;
		};
		BACF29E71E1691A900E28D42 /* Resources */ = {
			isa = PBXResourcesBuildPhase;
			buildActionMask = 2147483647;
			files = (
			);
			runOnlyForDeploymentPostprocessing = 0;
		};
		BACF29F21E1691A900E28D42 /* Resources */ = {
			isa = PBXResourcesBuildPhase;
			buildActionMask = 2147483647;
			files = (
			);
			runOnlyForDeploymentPostprocessing = 0;
		};
/* End PBXResourcesBuildPhase section */

/* Begin PBXSourcesBuildPhase section */
		BACF29CF1E1691A800E28D42 /* Sources */ = {
			isa = PBXSourcesBuildPhase;
			buildActionMask = 2147483647;
			files = (
				BACF29DB1E1691A900E28D42 /* SleepViewController.swift in Sources */,
				BACF29D71E1691A900E28D42 /* AppDelegate.swift in Sources */,
				BAD4AF6D1E2DAFBD007C297A /* ShoppingViewController.swift in Sources */,
				BACF29D91E1691A900E28D42 /* RecordViewController.swift in Sources */,
			);
			runOnlyForDeploymentPostprocessing = 0;
		};
		BACF29E51E1691A900E28D42 /* Sources */ = {
			isa = PBXSourcesBuildPhase;
			buildActionMask = 2147483647;
			files = (
				BACF29EE1E1691A900E28D42 /* GoodNightTests.swift in Sources */,
			);
			runOnlyForDeploymentPostprocessing = 0;
		};
		BACF29F01E1691A900E28D42 /* Sources */ = {
			isa = PBXSourcesBuildPhase;
			buildActionMask = 2147483647;
			files = (
				BACF29F91E1691A900E28D42 /* GoodNightUITests.swift in Sources */,
			);
			runOnlyForDeploymentPostprocessing = 0;
		};
/* End PBXSourcesBuildPhase section */

/* Begin PBXTargetDependency section */
		BACF29EB1E1691A900E28D42 /* PBXTargetDependency */ = {
			isa = PBXTargetDependency;
			target = BACF29D21E1691A800E28D42 /* GoodNight */;
			targetProxy = BACF29EA1E1691A900E28D42 /* PBXContainerItemProxy */;
		};
		BACF29F61E1691A900E28D42 /* PBXTargetDependency */ = {
			isa = PBXTargetDependency;
			target = BACF29D21E1691A800E28D42 /* GoodNight */;
			targetProxy = BACF29F51E1691A900E28D42 /* PBXContainerItemProxy */;
		};
/* End PBXTargetDependency section */

/* Begin PBXVariantGroup section */
		BACF29DC1E1691A900E28D42 /* Main.storyboard */ = {
			isa = PBXVariantGroup;
			children = (
				BACF29DD1E1691A900E28D42 /* Base */,
			);
			name = Main.storyboard;
			sourceTree = "<group>";
		};
		BACF29E11E1691A900E28D42 /* LaunchScreen.storyboard */ = {
			isa = PBXVariantGroup;
			children = (
				BACF29E21E1691A900E28D42 /* Base */,
			);
			name = LaunchScreen.storyboard;
			sourceTree = "<group>";
		};
/* End PBXVariantGroup section */

/* Begin XCBuildConfiguration section */
		BACF29FB1E1691A900E28D42 /* Debug */ = {
			isa = XCBuildConfiguration;
			buildSettings = {
				ALWAYS_SEARCH_USER_PATHS = NO;
				CLANG_ANALYZER_NONNULL = YES;
				CLANG_CXX_LANGUAGE_STANDARD = "gnu++0x";
				CLANG_CXX_LIBRARY = "libc++";
				CLANG_ENABLE_MODULES = YES;
				CLANG_ENABLE_OBJC_ARC = YES;
				CLANG_WARN_BOOL_CONVERSION = YES;
				CLANG_WARN_CONSTANT_CONVERSION = YES;
				CLANG_WARN_DIRECT_OBJC_ISA_USAGE = YES_ERROR;
				CLANG_WARN_DOCUMENTATION_COMMENTS = YES;
				CLANG_WARN_EMPTY_BODY = YES;
				CLANG_WARN_ENUM_CONVERSION = YES;
				CLANG_WARN_INFINITE_RECURSION = YES;
				CLANG_WARN_INT_CONVERSION = YES;
				CLANG_WARN_OBJC_ROOT_CLASS = YES_ERROR;
				CLANG_WARN_SUSPICIOUS_MOVES = YES;
				CLANG_WARN_UNREACHABLE_CODE = YES;
				CLANG_WARN__DUPLICATE_METHOD_MATCH = YES;
				"CODE_SIGN_IDENTITY[sdk=iphoneos*]" = "iPhone Developer";
				COPY_PHASE_STRIP = NO;
				DEBUG_INFORMATION_FORMAT = dwarf;
				ENABLE_STRICT_OBJC_MSGSEND = YES;
				ENABLE_TESTABILITY = YES;
				GCC_C_LANGUAGE_STANDARD = gnu99;
				GCC_DYNAMIC_NO_PIC = NO;
				GCC_NO_COMMON_BLOCKS = YES;
				GCC_OPTIMIZATION_LEVEL = 0;
				GCC_PREPROCESSOR_DEFINITIONS = (
					"DEBUG=1",
					"$(inherited)",
				);
				GCC_WARN_64_TO_32_BIT_CONVERSION = YES;
				GCC_WARN_ABOUT_RETURN_TYPE = YES_ERROR;
				GCC_WARN_UNDECLARED_SELECTOR = YES;
				GCC_WARN_UNINITIALIZED_AUTOS = YES_AGGRESSIVE;
				GCC_WARN_UNUSED_FUNCTION = YES;
				GCC_WARN_UNUSED_VARIABLE = YES;
				IPHONEOS_DEPLOYMENT_TARGET = 10.0;
				MTL_ENABLE_DEBUG_INFO = YES;
				ONLY_ACTIVE_ARCH = YES;
				SDKROOT = iphoneos;
				SWIFT_ACTIVE_COMPILATION_CONDITIONS = DEBUG;
				SWIFT_OPTIMIZATION_LEVEL = "-Onone";
			};
			name = Debug;
		};
		BACF29FC1E1691A900E28D42 /* Release */ = {
			isa = XCBuildConfiguration;
			buildSettings = {
				ALWAYS_SEARCH_USER_PATHS = NO;
				CLANG_ANALYZER_NONNULL = YES;
				CLANG_CXX_LANGUAGE_STANDARD = "gnu++0x";
				CLANG_CXX_LIBRARY = "libc++";
				CLANG_ENABLE_MODULES = YES;
				CLANG_ENABLE_OBJC_ARC = YES;
				CLANG_WARN_BOOL_CONVERSION = YES;
				CLANG_WARN_CONSTANT_CONVERSION = YES;
				CLANG_WARN_DIRECT_OBJC_ISA_USAGE = YES_ERROR;
				CLANG_WARN_DOCUMENTATION_COMMENTS = YES;
				CLANG_WARN_EMPTY_BODY = YES;
				CLANG_WARN_ENUM_CONVERSION = YES;
				CLANG_WARN_INFINITE_RECURSION = YES;
				CLANG_WARN_INT_CONVERSION = YES;
				CLANG_WARN_OBJC_ROOT_CLASS = YES_ERROR;
				CLANG_WARN_SUSPICIOUS_MOVES = YES;
				CLANG_WARN_UNREACHABLE_CODE = YES;
				CLANG_WARN__DUPLICATE_METHOD_MATCH = YES;
				"CODE_SIGN_IDENTITY[sdk=iphoneos*]" = "iPhone Developer";
				COPY_PHASE_STRIP = NO;
				DEBUG_INFORMATION_FORMAT = "dwarf-with-dsym";
				ENABLE_NS_ASSERTIONS = NO;
				ENABLE_STRICT_OBJC_MSGSEND = YES;
				GCC_C_LANGUAGE_STANDARD = gnu99;
				GCC_NO_COMMON_BLOCKS = YES;
				GCC_WARN_64_TO_32_BIT_CONVERSION = YES;
				GCC_WARN_ABOUT_RETURN_TYPE = YES_ERROR;
				GCC_WARN_UNDECLARED_SELECTOR = YES;
				GCC_WARN_UNINITIALIZED_AUTOS = YES_AGGRESSIVE;
				GCC_WARN_UNUSED_FUNCTION = YES;
				GCC_WARN_UNUSED_VARIABLE = YES;
				IPHONEOS_DEPLOYMENT_TARGET = 10.0;
				MTL_ENABLE_DEBUG_INFO = NO;
				SDKROOT = iphoneos;
				SWIFT_OPTIMIZATION_LEVEL = "-Owholemodule";
				VALIDATE_PRODUCT = YES;
			};
			name = Release;
		};
		BACF29FE1E1691A900E28D42 /* Debug */ = {
			isa = XCBuildConfiguration;
			buildSettings = {
				ASSETCATALOG_COMPILER_APPICON_NAME = AppIcon;
				"CODE_SIGN_IDENTITY[sdk=iphoneos*]" = "iPhone Developer";
				DEVELOPMENT_TEAM = BX9G65C6W8;
				INFOPLIST_FILE = GoodNight/Info.plist;
				IPHONEOS_DEPLOYMENT_TARGET = 9.3;
				LD_RUNPATH_SEARCH_PATHS = "$(inherited) @executable_path/Frameworks";
				PRODUCT_BUNDLE_IDENTIFIER = com.doopp.ios.GoodNight;
				PRODUCT_NAME = "$(TARGET_NAME)";
				SWIFT_VERSION = 3.0;
			};
			name = Debug;
		};
		BACF29FF1E1691A900E28D42 /* Release */ = {
			isa = XCBuildConfiguration;
			buildSettings = {
				ASSETCATALOG_COMPILER_APPICON_NAME = AppIcon;
				"CODE_SIGN_IDENTITY[sdk=iphoneos*]" = "iPhone Developer";
				DEVELOPMENT_TEAM = BX9G65C6W8;
				INFOPLIST_FILE = GoodNight/Info.plist;
				IPHONEOS_DEPLOYMENT_TARGET = 9.3;
				LD_RUNPATH_SEARCH_PATHS = "$(inherited) @executable_path/Frameworks";
				PRODUCT_BUNDLE_IDENTIFIER = com.doopp.ios.GoodNight;
				PRODUCT_NAME = "$(TARGET_NAME)";
				SWIFT_VERSION = 3.0;
			};
			name = Release;
		};
		BACF2A011E1691A900E28D42 /* Debug */ = {
			isa = XCBuildConfiguration;
			buildSettings = {
				ALWAYS_EMBED_SWIFT_STANDARD_LIBRARIES = YES;
				BUNDLE_LOADER = "$(TEST_HOST)";
				DEVELOPMENT_TEAM = BX9G65C6W8;
				INFOPLIST_FILE = GoodNightTests/Info.plist;
				LD_RUNPATH_SEARCH_PATHS = "$(inherited) @executable_path/Frameworks @loader_path/Frameworks";
				PRODUCT_BUNDLE_IDENTIFIER = com.doopp.ios.GoodNightTests;
				PRODUCT_NAME = "$(TARGET_NAME)";
				SWIFT_VERSION = 3.0;
				TEST_HOST = "$(BUILT_PRODUCTS_DIR)/GoodNight.app/GoodNight";
			};
			name = Debug;
		};
		BACF2A021E1691A900E28D42 /* Release */ = {
			isa = XCBuildConfiguration;
			buildSettings = {
				ALWAYS_EMBED_SWIFT_STANDARD_LIBRARIES = YES;
				BUNDLE_LOADER = "$(TEST_HOST)";
				DEVELOPMENT_TEAM = BX9G65C6W8;
				INFOPLIST_FILE = GoodNightTests/Info.plist;
				LD_RUNPATH_SEARCH_PATHS = "$(inherited) @executable_path/Frameworks @loader_path/Frameworks";
				PRODUCT_BUNDLE_IDENTIFIER = com.doopp.ios.GoodNightTests;
				PRODUCT_NAME = "$(TARGET_NAME)";
				SWIFT_VERSION = 3.0;
				TEST_HOST = "$(BUILT_PRODUCTS_DIR)/GoodNight.app/GoodNight";
			};
			name = Release;
		};
		BACF2A041E1691A900E28D42 /* Debug */ = {
			isa = XCBuildConfiguration;
			buildSettings = {
				ALWAYS_EMBED_SWIFT_STANDARD_LIBRARIES = YES;
				DEVELOPMENT_TEAM = BX9G65C6W8;
				INFOPLIST_FILE = GoodNightUITests/Info.plist;
				LD_RUNPATH_SEARCH_PATHS = "$(inherited) @executable_path/Frameworks @loader_path/Frameworks";
				PRODUCT_BUNDLE_IDENTIFIER = com.doopp.ios.GoodNightUITests;
				PRODUCT_NAME = "$(TARGET_NAME)";
				SWIFT_VERSION = 3.0;
				TEST_TARGET_NAME = GoodNight;
			};
			name = Debug;
		};
		BACF2A051E1691A900E28D42 /* Release */ = {
			isa = XCBuildConfiguration;
			buildSettings = {
				ALWAYS_EMBED_SWIFT_STANDARD_LIBRARIES = YES;
				DEVELOPMENT_TEAM = BX9G65C6W8;
				INFOPLIST_FILE = GoodNightUITests/Info.plist;
				LD_RUNPATH_SEARCH_PATHS = "$(inherited) @executable_path/Frameworks @loader_path/Frameworks";
				PRODUCT_BUNDLE_IDENTIFIER = com.doopp.ios.GoodNightUITests;
				PRODUCT_NAME = "$(TARGET_NAME)";
				SWIFT_VERSION = 3.0;
				TEST_TARGET_NAME = GoodNight;
			};
			name = Release;
		};
/* End XCBuildConfiguration section */

/* Begin XCConfigurationList section */
		BACF29CE1E1691A800E28D42 /* Build configuration list for PBXProject "GoodNight" */ = {
			isa = XCConfigurationList;
			buildConfigurations = (
				BACF29FB1E1691A900E28D42 /* Debug */,
				BACF29FC1E1691A900E28D42 /* Release */,
			);
			defaultConfigurationIsVisible = 0;
			defaultConfigurationName = Release;
		};
		BACF29FD1E1691A900E28D42 /* Build configuration list for PBXNativeTarget "GoodNight" */ = {
			isa = XCConfigurationList;
			buildConfigurations = (
				BACF29FE1E1691A900E28D42 /* Debug */,
				BACF29FF1E1691A900E28D42 /* Release */,
			);
			defaultConfigurationIsVisible = 0;
			defaultConfigurationName = Release;
		};
		BACF2A001E1691A900E28D42 /* Build configuration list for PBXNativeTarget "GoodNightTests" */ = {
			isa = XCConfigurationList;
			buildConfigurations = (
				BACF2A011E1691A900E28D42 /* Debug */,
				BACF2A021E1691A900E28D42 /* Release */,
			);
			defaultConfigurationIsVisible = 0;
			defaultConfigurationName = Release;
		};
		BACF2A031E1691A900E28D42 /* Build configuration list for PBXNativeTarget "GoodNightUITests" */ = {
			isa = XCConfigurationList;
			buildConfigurations = (
				BACF2A041E1691A900E28D42 /* Debug */,
				BACF2A051E1691A900E28D42 /* Release */,
			);
			defaultConfigurationIsVisible = 0;
			defaultConfigurationName = Release;
		};
/* End XCConfigurationList section */
	};
	rootObject = BACF29CB1E1691A800E28D42 /* Project object */;
}
