// !$*UTF8*$!
{
	archiveVersion = 1;
	classes = {
	};
	objectVersion = 46;
	objects = {

/* Begin PBXBuildFile section */
		BA1AD46D1E18167B00E50ADB /* autobuild.py in Resources */ = {isa = PBXBuildFile; fileRef = BA1AD46B1E18167B00E50ADB /* autobuild.py */; };
		BA1AD46E1E18167B00E50ADB /* exportOptions.plist in Resources */ = {isa = PBXBuildFile; fileRef = BA1AD46C1E18167B00E50ADB /* exportOptions.plist */; };
		BA22A07F1E6BAB4400DD9213 /* SwiftyJson.h in Sources */ = {isa = PBXBuildFile; fileRef = BA22A07E1E6BAB1600DD9213 /* SwiftyJson.h */; };
		BA350A351E690FA6005FA6BA /* FriendsViewController.swift in Sources */ = {isa = PBXBuildFile; fileRef = BA350A311E690FA6005FA6BA /* FriendsViewController.swift */; };
		BA350A361E690FA6005FA6BA /* PersonViewController.swift in Sources */ = {isa = PBXBuildFile; fileRef = BA350A321E690FA6005FA6BA /* PersonViewController.swift */; };
		BA350A371E690FA6005FA6BA /* RecordViewController.swift in Sources */ = {isa = PBXBuildFile; fileRef = BA350A331E690FA6005FA6BA /* RecordViewController.swift */; };
		BA350A381E690FA6005FA6BA /* ChannelViewController.swift in Sources */ = {isa = PBXBuildFile; fileRef = BA350A341E690FA6005FA6BA /* ChannelViewController.swift */; };
		BA350A3B1E6911B9005FA6BA /* ChannelModel.swift in Sources */ = {isa = PBXBuildFile; fileRef = BA350A3A1E6911B9005FA6BA /* ChannelModel.swift */; };
		BA350A3F1E6911C2005FA6BA /* ChannelContentView.swift in Sources */ = {isa = PBXBuildFile; fileRef = BA350A3D1E6911C2005FA6BA /* ChannelContentView.swift */; };
		BA350A401E6911C2005FA6BA /* ChannelMenuView.swift in Sources */ = {isa = PBXBuildFile; fileRef = BA350A3E1E6911C2005FA6BA /* ChannelMenuView.swift */; };
		BA8DCF361E6BAFA20082DFCD /* Package.swift in Sources */ = {isa = PBXBuildFile; fileRef = BA8DCF351E6BAFA20082DFCD /* Package.swift */; };
		BA99071F1E5D5CC600631F2C /* PersonView.html in Resources */ = {isa = PBXBuildFile; fileRef = BA99071D1E5D5CC600631F2C /* PersonView.html */; };
		BAAE82241E6EBEB500EDDC91 /* ChannelAudioView.swift in Sources */ = {isa = PBXBuildFile; fileRef = BAAE82231E6EBEB500EDDC91 /* ChannelAudioView.swift */; };
		BAB78A111E6B088100B41350 /* SwiftyJson.swift in Sources */ = {isa = PBXBuildFile; fileRef = BAB78A101E6B088100B41350 /* SwiftyJson.swift */; };
		BACF29D71E1691A900E28D42 /* AppDelegate.swift in Sources */ = {isa = PBXBuildFile; fileRef = BACF29D61E1691A900E28D42 /* AppDelegate.swift */; };
		BACF29DE1E1691A900E28D42 /* Main.storyboard in Resources */ = {isa = PBXBuildFile; fileRef = BACF29DC1E1691A900E28D42 /* Main.storyboard */; };
		BACF29E01E1691A900E28D42 /* Assets.xcassets in Resources */ = {isa = PBXBuildFile; fileRef = BACF29DF1E1691A900E28D42 /* Assets.xcassets */; };
		BACF29E31E1691A900E28D42 /* LaunchScreen.storyboard in Resources */ = {isa = PBXBuildFile; fileRef = BACF29E11E1691A900E28D42 /* LaunchScreen.storyboard */; };
		BACF29EE1E1691A900E28D42 /* GoodNightTests.swift in Sources */ = {isa = PBXBuildFile; fileRef = BACF29ED1E1691A900E28D42 /* GoodNightTests.swift */; };
		BACF29F91E1691A900E28D42 /* GoodNightUITests.swift in Sources */ = {isa = PBXBuildFile; fileRef = BACF29F81E1691A900E28D42 /* GoodNightUITests.swift */; };
		BAE15CEE1E711B93007EC21A /* gqq.mp3 in Resources */ = {isa = PBXBuildFile; fileRef = BAE15CED1E711B93007EC21A /* gqq.mp3 */; };
		BAF1726A1E6BBE5F003B6383 /* SwiftyJSON.framework in Frameworks */ = {isa = PBXBuildFile; fileRef = BAF1725D1E6BBE55003B6383 /* SwiftyJSON.framework */; };
		BAF1726B1E6BBE5F003B6383 /* SwiftyJSON.framework in Embed Frameworks */ = {isa = PBXBuildFile; fileRef = BAF1725D1E6BBE55003B6383 /* SwiftyJSON.framework */; settings = {ATTRIBUTES = (CodeSignOnCopy, RemoveHeadersOnCopy, ); }; };
		BAFE836D1E737B0C00860B4B /* HealthKit.framework in Frameworks */ = {isa = PBXBuildFile; fileRef = BAFE836C1E737B0C00860B4B /* HealthKit.framework */; };
		BAFE836F1E737B8A00860B4B /* RecordContentView.swift in Sources */ = {isa = PBXBuildFile; fileRef = BAFE836E1E737B8A00860B4B /* RecordContentView.swift */; };
/* End PBXBuildFile section */

/* Begin PBXContainerItemProxy section */
		BACF29EA1E1691A900E28D42 /* PBXContainerItemProxy */ = {
			isa = PBXContainerItemProxy;
			containerPortal = BACF29CB1E1691A800E28D42 /* Project object */;
			proxyType = 1;
			remoteGlobalIDString = BACF29D21E1691A800E28D42;
			remoteInfo = GoodNight;
		};
		BACF29F51E1691A900E28D42 /* PBXContainerItemProxy */ = {
			isa = PBXContainerItemProxy;
			containerPortal = BACF29CB1E1691A800E28D42 /* Project object */;
			proxyType = 1;
			remoteGlobalIDString = BACF29D21E1691A800E28D42;
			remoteInfo = GoodNight;
		};
		BAF1725C1E6BBE55003B6383 /* PBXContainerItemProxy */ = {
			isa = PBXContainerItemProxy;
			containerPortal = BAF172511E6BBE55003B6383 /* SwiftyJSON.xcodeproj */;
			proxyType = 2;
			remoteGlobalIDString = 2E4FEFDB19575BE100351305;
			remoteInfo = "SwiftyJSON iOS";
		};
		BAF1725E1E6BBE55003B6383 /* PBXContainerItemProxy */ = {
			isa = PBXContainerItemProxy;
			containerPortal = BAF172511E6BBE55003B6383 /* SwiftyJSON.xcodeproj */;
			proxyType = 2;
			remoteGlobalIDString = 2E4FEFE619575BE100351305;
			remoteInfo = "SwiftyJSON iOS Tests";
		};
		BAF172601E6BBE55003B6383 /* PBXContainerItemProxy */ = {
			isa = PBXContainerItemProxy;
			containerPortal = BAF172511E6BBE55003B6383 /* SwiftyJSON.xcodeproj */;
			proxyType = 2;
			remoteGlobalIDString = 9C7DFC5B1A9102BD005AA3F7;
			remoteInfo = "SwiftyJSON OSX";
		};
		BAF172621E6BBE55003B6383 /* PBXContainerItemProxy */ = {
			isa = PBXContainerItemProxy;
			containerPortal = BAF172511E6BBE55003B6383 /* SwiftyJSON.xcodeproj */;
			proxyType = 2;
			remoteGlobalIDString = 9C7DFC651A9102BD005AA3F7;
			remoteInfo = "SwiftyJSON OSX Tests";
		};
		BAF172641E6BBE55003B6383 /* PBXContainerItemProxy */ = {
			isa = PBXContainerItemProxy;
			containerPortal = BAF172511E6BBE55003B6383 /* SwiftyJSON.xcodeproj */;
			proxyType = 2;
			remoteGlobalIDString = E4D7CCE81B9465A700EE7221;
			remoteInfo = "SwiftyJSON watchOS";
		};
		BAF172661E6BBE55003B6383 /* PBXContainerItemProxy */ = {
			isa = PBXContainerItemProxy;
			containerPortal = BAF172511E6BBE55003B6383 /* SwiftyJSON.xcodeproj */;
			proxyType = 2;
			remoteGlobalIDString = 7236B4F61BAC14150020529B;
			remoteInfo = "SwiftyJSON tvOS";
		};
		BAF172681E6BBE55003B6383 /* PBXContainerItemProxy */ = {
			isa = PBXContainerItemProxy;
			containerPortal = BAF172511E6BBE55003B6383 /* SwiftyJSON.xcodeproj */;
			proxyType = 2;
			remoteGlobalIDString = A8580F741BCF5C5B00DA927B;
			remoteInfo = "SwiftyJSON tvOS Tests";
		};
		BAF1726C1E6BBE5F003B6383 /* PBXContainerItemProxy */ = {
			isa = PBXContainerItemProxy;
			containerPortal = BAF172511E6BBE55003B6383 /* SwiftyJSON.xcodeproj */;
			proxyType = 1;
			remoteGlobalIDString = 2E4FEFDA19575BE100351305;
			remoteInfo = "SwiftyJSON iOS";
		};
/* End PBXContainerItemProxy section */

/* Begin PBXCopyFilesBuildPhase section */
		BA8DCF6E1E6BB36C0082DFCD /* Embed Frameworks */ = {
			isa = PBXCopyFilesBuildPhase;
			buildActionMask = 2147483647;
			dstPath = "";
			dstSubfolderSpec = 10;
			files = (
				BAF1726B1E6BBE5F003B6383 /* SwiftyJSON.framework in Embed Frameworks */,
			);
			name = "Embed Frameworks";
			runOnlyForDeploymentPostprocessing = 0;
		};
/* End PBXCopyFilesBuildPhase section */

/* Begin PBXFileReference section */
		BA1AD46B1E18167B00E50ADB /* autobuild.py */ = {isa = PBXFileReference; fileEncoding = 4; lastKnownFileType = text.script.python; path = autobuild.py; sourceTree = "<group>"; };
		BA1AD46C1E18167B00E50ADB /* exportOptions.plist */ = {isa = PBXFileReference; fileEncoding = 4; lastKnownFileType = text.plist.xml; path = exportOptions.plist; sourceTree = "<group>"; };
		BA22A07E1E6BAB1600DD9213 /* SwiftyJson.h */ = {isa = PBXFileReference; lastKnownFileType = sourcecode.c.h; path = SwiftyJson.h; sourceTree = "<group>"; };
		BA350A311E690FA6005FA6BA /* FriendsViewController.swift */ = {isa = PBXFileReference; fileEncoding = 4; lastKnownFileType = sourcecode.swift; path = FriendsViewController.swift; sourceTree = "<group>"; };
		BA350A321E690FA6005FA6BA /* PersonViewController.swift */ = {isa = PBXFileReference; fileEncoding = 4; lastKnownFileType = sourcecode.swift; path = PersonViewController.swift; sourceTree = "<group>"; };
		BA350A331E690FA6005FA6BA /* RecordViewController.swift */ = {isa = PBXFileReference; fileEncoding = 4; lastKnownFileType = sourcecode.swift; path = RecordViewController.swift; sourceTree = "<group>"; };
		BA350A341E690FA6005FA6BA /* ChannelViewController.swift */ = {isa = PBXFileReference; fileEncoding = 4; lastKnownFileType = sourcecode.swift; path = ChannelViewController.swift; sourceTree = "<group>"; };
		BA350A3A1E6911B9005FA6BA /* ChannelModel.swift */ = {isa = PBXFileReference; fileEncoding = 4; lastKnownFileType = sourcecode.swift; path = ChannelModel.swift; sourceTree = "<group>"; };
		BA350A3D1E6911C2005FA6BA /* ChannelContentView.swift */ = {isa = PBXFileReference; fileEncoding = 4; lastKnownFileType = sourcecode.swift; path = ChannelContentView.swift; sourceTree = "<group>"; };
		BA350A3E1E6911C2005FA6BA /* ChannelMenuView.swift */ = {isa = PBXFileReference; fileEncoding = 4; lastKnownFileType = sourcecode.swift; path = ChannelMenuView.swift; sourceTree = "<group>"; };
		BA8DCF351E6BAFA20082DFCD /* Package.swift */ = {isa = PBXFileReference; fileEncoding = 4; lastKnownFileType = sourcecode.swift; path = Package.swift; sourceTree = "<group>"; };
		BA99071D1E5D5CC600631F2C /* PersonView.html */ = {isa = PBXFileReference; fileEncoding = 4; lastKnownFileType = text.html; path = PersonView.html; sourceTree = "<group>"; };
		BAAE82231E6EBEB500EDDC91 /* ChannelAudioView.swift */ = {isa = PBXFileReference; fileEncoding = 4; lastKnownFileType = sourcecode.swift; path = ChannelAudioView.swift; sourceTree = "<group>"; };
		BAB78A101E6B088100B41350 /* SwiftyJson.swift */ = {isa = PBXFileReference; fileEncoding = 4; lastKnownFileType = sourcecode.swift; path = SwiftyJson.swift; sourceTree = "<group>"; };
		BACF29D31E1691A900E28D42 /* GoodNight.app */ = {isa = PBXFileReference; explicitFileType = wrapper.application; includeInIndex = 0; path = GoodNight.app; sourceTree = BUILT_PRODUCTS_DIR; };
		BACF29D61E1691A900E28D42 /* AppDelegate.swift */ = {isa = PBXFileReference; lastKnownFileType = sourcecode.swift; path = AppDelegate.swift; sourceTree = "<group>"; };
		BACF29DD1E1691A900E28D42 /* Base */ = {isa = PBXFileReference; lastKnownFileType = file.storyboard; name = Base; path = Base.lproj/Main.storyboard; sourceTree = "<group>"; };
		BACF29DF1E1691A900E28D42 /* Assets.xcassets */ = {isa = PBXFileReference; lastKnownFileType = folder.assetcatalog; path = Assets.xcassets; sourceTree = "<group>"; };
		BACF29E21E1691A900E28D42 /* Base */ = {isa = PBXFileReference; lastKnownFileType = file.storyboard; name = Base; path = Base.lproj/LaunchScreen.storyboard; sourceTree = "<group>"; };
		BACF29E41E1691A900E28D42 /* Info.plist */ = {isa = PBXFileReference; lastKnownFileType = text.plist.xml; path = Info.plist; sourceTree = "<group>"; };
		BACF29E91E1691A900E28D42 /* GoodNightTests.xctest */ = {isa = PBXFileReference; explicitFileType = wrapper.cfbundle; includeInIndex = 0; path = GoodNightTests.xctest; sourceTree = BUILT_PRODUCTS_DIR; };
		BACF29ED1E1691A900E28D42 /* GoodNightTests.swift */ = {isa = PBXFileReference; lastKnownFileType = sourcecode.swift; path = GoodNightTests.swift; sourceTree = "<group>"; };
		BACF29EF1E1691A900E28D42 /* Info.plist */ = {isa = PBXFileReference; lastKnownFileType = text.plist.xml; path = Info.plist; sourceTree = "<group>"; };
		BACF29F41E1691A900E28D42 /* GoodNightUITests.xctest */ = {isa = PBXFileReference; explicitFileType = wrapper.cfbundle; includeInIndex = 0; path = GoodNightUITests.xctest; sourceTree = BUILT_PRODUCTS_DIR; };
		BACF29F81E1691A900E28D42 /* GoodNightUITests.swift */ = {isa = PBXFileReference; lastKnownFileType = sourcecode.swift; path = GoodNightUITests.swift; sourceTree = "<group>"; };
		BACF29FA1E1691A900E28D42 /* Info.plist */ = {isa = PBXFileReference; lastKnownFileType = text.plist.xml; path = Info.plist; sourceTree = "<group>"; };
		BAE15CED1E711B93007EC21A /* gqq.mp3 */ = {isa = PBXFileReference; lastKnownFileType = audio.mp3; path = gqq.mp3; sourceTree = "<group>"; };
		BAF172511E6BBE55003B6383 /* SwiftyJSON.xcodeproj */ = {isa = PBXFileReference; lastKnownFileType = "wrapper.pb-project"; name = SwiftyJSON.xcodeproj; path = SwiftyJSON/SwiftyJSON.xcodeproj; sourceTree = "<group>"; };
		BAFE836A1E737B0C00860B4B /* GoodNight.entitlements */ = {isa = PBXFileReference; lastKnownFileType = text.plist.entitlements; path = GoodNight.entitlements; sourceTree = "<group>"; };
		BAFE836C1E737B0C00860B4B /* HealthKit.framework */ = {isa = PBXFileReference; lastKnownFileType = wrapper.framework; name = HealthKit.framework; path = System/Library/Frameworks/HealthKit.framework; sourceTree = SDKROOT; };
		BAFE836E1E737B8A00860B4B /* RecordContentView.swift */ = {isa = PBXFileReference; fileEncoding = 4; lastKnownFileType = sourcecode.swift; path = RecordContentView.swift; sourceTree = "<group>"; };
/* End PBXFileReference section */

/* Begin PBXFrameworksBuildPhase section */
		BACF29D01E1691A800E28D42 /* Frameworks */ = {
			isa = PBXFrameworksBuildPhase;
			buildActionMask = 2147483647;
			files = (
				BAF1726A1E6BBE5F003B6383 /* SwiftyJSON.framework in Frameworks */,
				BAFE836D1E737B0C00860B4B /* HealthKit.framework in Frameworks */,
			);
			runOnlyForDeploymentPostprocessing = 0;
		};
		BACF29E61E1691A900E28D42 /* Frameworks */ = {
			isa = PBXFrameworksBuildPhase;
			buildActionMask = 2147483647;
			files = (
			);
			runOnlyForDeploymentPostprocessing = 0;
		};
		BACF29F11E1691A900E28D42 /* Frameworks */ = {
			isa = PBXFrameworksBuildPhase;
			buildActionMask = 2147483647;
			files = (
			);
			runOnlyForDeploymentPostprocessing = 0;
		};
/* End PBXFrameworksBuildPhase section */

/* Begin PBXGroup section */
		BA1AD46A1E18167B00E50ADB /* autobuild */ = {
			isa = PBXGroup;
			children = (
				BA1AD46B1E18167B00E50ADB /* autobuild.py */,
				BA1AD46C1E18167B00E50ADB /* exportOptions.plist */,
			);
			path = autobuild;
			sourceTree = "<group>";
		};
		BA350A301E690FA6005FA6BA /* controller */ = {
			isa = PBXGroup;
			children = (
				BA350A311E690FA6005FA6BA /* FriendsViewController.swift */,
				BA350A321E690FA6005FA6BA /* PersonViewController.swift */,
				BA350A331E690FA6005FA6BA /* RecordViewController.swift */,
				BA350A341E690FA6005FA6BA /* ChannelViewController.swift */,
			);
			path = controller;
			sourceTree = "<group>";
		};
		BA350A391E6911B9005FA6BA /* model */ = {
			isa = PBXGroup;
			children = (
				BAE15CED1E711B93007EC21A /* gqq.mp3 */,
				BA350A3A1E6911B9005FA6BA /* ChannelModel.swift */,
			);
			path = model;
			sourceTree = "<group>";
		};
		BA350A3C1E6911C2005FA6BA /* view */ = {
			isa = PBXGroup;
			children = (
				BAFE836E1E737B8A00860B4B /* RecordContentView.swift */,
				BAAE82231E6EBEB500EDDC91 /* ChannelAudioView.swift */,
				BA350A3D1E6911C2005FA6BA /* ChannelContentView.swift */,
				BA350A3E1E6911C2005FA6BA /* ChannelMenuView.swift */,
			);
			path = view;
			sourceTree = "<group>";
		};
		BA99071C1E5D5CC600631F2C /* webview */ = {
			isa = PBXGroup;
			children = (
				BA99071D1E5D5CC600631F2C /* PersonView.html */,
			);
			path = webview;
			sourceTree = "<group>";
		};
		BAB78A0F1E6B088100B41350 /* lib */ = {
			isa = PBXGroup;
			children = (
				BA22A07E1E6BAB1600DD9213 /* SwiftyJson.h */,
				BAB78A101E6B088100B41350 /* SwiftyJson.swift */,
			);
			path = lib;
			sourceTree = "<group>";
		};
		BACF29CA1E1691A800E28D42 = {
			isa = PBXGroup;
			children = (
				BACF29D51E1691A900E28D42 /* GoodNight */,
				BA1AD46A1E18167B00E50ADB /* autobuild */,
				BACF29EC1E1691A900E28D42 /* GoodNightTests */,
				BACF29F71E1691A900E28D42 /* GoodNightUITests */,
				BACF29D41E1691A900E28D42 /* Products */,
				BAF172511E6BBE55003B6383 /* SwiftyJSON.xcodeproj */,
				BAFE836B1E737B0C00860B4B /* Frameworks */,
			);
			sourceTree = "<group>";
		};
		BACF29D41E1691A900E28D42 /* Products */ = {
			isa = PBXGroup;
			children = (
				BACF29D31E1691A900E28D42 /* GoodNight.app */,
				BACF29E91E1691A900E28D42 /* GoodNightTests.xctest */,
				BACF29F41E1691A900E28D42 /* GoodNightUITests.xctest */,
			);
			name = Products;
			sourceTree = "<group>";
		};
		BACF29D51E1691A900E28D42 /* GoodNight */ = {
			isa = PBXGroup;
			children = (
				BAFE836A1E737B0C00860B4B /* GoodNight.entitlements */,
				BAB78A0F1E6B088100B41350 /* lib */,
				BA350A3C1E6911C2005FA6BA /* view */,
				BA350A391E6911B9005FA6BA /* model */,
				BA350A301E690FA6005FA6BA /* controller */,
				BA99071C1E5D5CC600631F2C /* webview */,
				BACF29DC1E1691A900E28D42 /* Main.storyboard */,
				BACF29D61E1691A900E28D42 /* AppDelegate.swift */,
				BACF29DF1E1691A900E28D42 /* Assets.xcassets */,
				BACF29E11E1691A900E28D42 /* LaunchScreen.storyboard */,
				BACF29E41E1691A900E28D42 /* Info.plist */,
				BA8DCF351E6BAFA20082DFCD /* Package.swift */,
			);
			path = GoodNight;
			sourceTree = "<group>";
		};
		BACF29EC1E1691A900E28D42 /* GoodNightTests */ = {
			isa = PBXGroup;
			children = (
				BACF29ED1E1691A900E28D42 /* GoodNightTests.swift */,
				BACF29EF1E1691A900E28D42 /* Info.plist */,
			);
			path = GoodNightTests;
			sourceTree = "<group>";
		};
		BACF29F71E1691A900E28D42 /* GoodNightUITests */ = {
			isa = PBXGroup;
			children = (
				BACF29F81E1691A900E28D42 /* GoodNightUITests.swift */,
				BACF29FA1E1691A900E28D42 /* Info.plist */,
			);
			path = GoodNightUITests;
			sourceTree = "<group>";
		};
		BAF172521E6BBE55003B6383 /* Products */ = {
			isa = PBXGroup;
			children = (
				BAF1725D1E6BBE55003B6383 /* SwiftyJSON.framework */,
				BAF1725F1E6BBE55003B6383 /* SwiftyJSON iOS Tests.xctest */,
				BAF172611E6BBE55003B6383 /* SwiftyJSON.framework */,
				BAF172631E6BBE55003B6383 /* SwiftyJSON OSX Tests.xctest */,
				BAF172651E6BBE55003B6383 /* SwiftyJSON.framework */,
				BAF172671E6BBE55003B6383 /* SwiftyJSON.framework */,
				BAF172691E6BBE55003B6383 /* SwiftyJSON tvOS Tests.xctest */,
			);
			name = Products;
			sourceTree = "<group>";
		};
		BAFE836B1E737B0C00860B4B /* Frameworks */ = {
			isa = PBXGroup;
			children = (
				BAFE836C1E737B0C00860B4B /* HealthKit.framework */,
			);
			name = Frameworks;
			sourceTree = "<group>";
		};
/* End PBXGroup section */

/* Begin PBXNativeTarget section */
		BACF29D21E1691A800E28D42 /* GoodNight */ = {
			isa = PBXNativeTarget;
			buildConfigurationList = BACF29FD1E1691A900E28D42 /* Build configuration list for PBXNativeTarget "GoodNight" */;
			buildPhases = (
				BACF29CF1E1691A800E28D42 /* Sources */,
				BACF29D01E1691A800E28D42 /* Frameworks */,
				BACF29D11E1691A800E28D42 /* Resources */,
				BA8DCF6E1E6BB36C0082DFCD /* Embed Frameworks */,
			);
			buildRules = (
			);
			dependencies = (
				BAF1726D1E6BBE5F003B6383 /* PBXTargetDependency */,
			);
			name = GoodNight;
			productName = GoodNight;
			productReference = BACF29D31E1691A900E28D42 /* GoodNight.app */;
			productType = "com.apple.product-type.application";
		};
		BACF29E81E1691A900E28D42 /* GoodNightTests */ = {
			isa = PBXNativeTarget;
			buildConfigurationList = BACF2A001E1691A900E28D42 /* Build configuration list for PBXNativeTarget "GoodNightTests" */;
			buildPhases = (
				BACF29E51E1691A900E28D42 /* Sources */,
				BACF29E61E1691A900E28D42 /* Frameworks */,
				BACF29E71E1691A900E28D42 /* Resources */,
			);
			buildRules = (
			);
			dependencies = (
				BACF29EB1E1691A900E28D42 /* PBXTargetDependency */,
			);
			name = GoodNightTests;
			productName = GoodNightTests;
			productReference = BACF29E91E1691A900E28D42 /* GoodNightTests.xctest */;
			productType = "com.apple.product-type.bundle.unit-test";
		};
		BACF29F31E1691A900E28D42 /* GoodNightUITests */ = {
			isa = PBXNativeTarget;
			buildConfigurationList = BACF2A031E1691A900E28D42 /* Build configuration list for PBXNativeTarget "GoodNightUITests" */;
			buildPhases = (
				BACF29F01E1691A900E28D42 /* Sources */,
				BACF29F11E1691A900E28D42 /* Frameworks */,
				BACF29F21E1691A900E28D42 /* Resources */,
			);
			buildRules = (
			);
			dependencies = (
				BACF29F61E1691A900E28D42 /* PBXTargetDependency */,
			);
			name = GoodNightUITests;
			productName = GoodNightUITests;
			productReference = BACF29F41E1691A900E28D42 /* GoodNightUITests.xctest */;
			productType = "com.apple.product-type.bundle.ui-testing";
		};
/* End PBXNativeTarget section */

/* Begin PBXProject section */
		BACF29CB1E1691A800E28D42 /* Project object */ = {
			isa = PBXProject;
			attributes = {
				LastSwiftUpdateCheck = 0800;
				LastUpgradeCheck = 0800;
				ORGANIZATIONNAME = "刘毅";
				TargetAttributes = {
					BACF29D21E1691A800E28D42 = {
						CreatedOnToolsVersion = 8.0;
						DevelopmentTeam = BX9G65C6W8;
						ProvisioningStyle = Automatic;
						SystemCapabilities = {
							com.apple.HealthKit = {
								enabled = 1;
							};
						};
					};
					BACF29E81E1691A900E28D42 = {
						CreatedOnToolsVersion = 8.0;
						DevelopmentTeam = BX9G65C6W8;
						ProvisioningStyle = Automatic;
						TestTargetID = BACF29D21E1691A800E28D42;
					};
					BACF29F31E1691A900E28D42 = {
						CreatedOnToolsVersion = 8.0;
						DevelopmentTeam = BX9G65C6W8;
						ProvisioningStyle = Automatic;
						TestTargetID = BACF29D21E1691A800E28D42;
					};
				};
			};
			buildConfigurationList = BACF29CE1E1691A800E28D42 /* Build configuration list for PBXProject "GoodNight" */;
			compatibilityVersion = "Xcode 3.2";
			developmentRegion = English;
			hasScannedForEncodings = 0;
			knownRegions = (
				en,
				Base,
			);
			mainGroup = BACF29CA1E1691A800E28D42;
			productRefGroup = BACF29D41E1691A900E28D42 /* Products */;
			projectDirPath = "";
			projectReferences = (
				{
					ProductGroup = BAF172521E6BBE55003B6383 /* Products */;
					ProjectRef = BAF172511E6BBE55003B6383 /* SwiftyJSON.xcodeproj */;
				},
			);
			projectRoot = "";
			targets = (
				BACF29D21E1691A800E28D42 /* GoodNight */,
				BACF29E81E1691A900E28D42 /* GoodNightTests */,
				BACF29F31E1691A900E28D42 /* GoodNightUITests */,
			);
		};
/* End PBXProject section */

/* Begin PBXReferenceProxy section */
		BAF1725D1E6BBE55003B6383 /* SwiftyJSON.framework */ = {
			isa = PBXReferenceProxy;
			fileType = wrapper.framework;
			path = SwiftyJSON.framework;
			remoteRef = BAF1725C1E6BBE55003B6383 /* PBXContainerItemProxy */;
			sourceTree = BUILT_PRODUCTS_DIR;
		};
		BAF1725F1E6BBE55003B6383 /* SwiftyJSON iOS Tests.xctest */ = {
			isa = PBXReferenceProxy;
			fileType = wrapper.cfbundle;
			path = "SwiftyJSON iOS Tests.xctest";
			remoteRef = BAF1725E1E6BBE55003B6383 /* PBXContainerItemProxy */;
			sourceTree = BUILT_PRODUCTS_DIR;
		};
		BAF172611E6BBE55003B6383 /* SwiftyJSON.framework */ = {
			isa = PBXReferenceProxy;
			fileType = wrapper.framework;
			path = SwiftyJSON.framework;
			remoteRef = BAF172601E6BBE55003B6383 /* PBXContainerItemProxy */;
			sourceTree = BUILT_PRODUCTS_DIR;
		};
		BAF172631E6BBE55003B6383 /* SwiftyJSON OSX Tests.xctest */ = {
			isa = PBXReferenceProxy;
			fileType = wrapper.cfbundle;
			path = "SwiftyJSON OSX Tests.xctest";
			remoteRef = BAF172621E6BBE55003B6383 /* PBXContainerItemProxy */;
			sourceTree = BUILT_PRODUCTS_DIR;
		};
		BAF172651E6BBE55003B6383 /* SwiftyJSON.framework */ = {
			isa = PBXReferenceProxy;
			fileType = wrapper.framework;
			path = SwiftyJSON.framework;
			remoteRef = BAF172641E6BBE55003B6383 /* PBXContainerItemProxy */;
			sourceTree = BUILT_PRODUCTS_DIR;
		};
		BAF172671E6BBE55003B6383 /* SwiftyJSON.framework */ = {
			isa = PBXReferenceProxy;
			fileType = wrapper.framework;
			path = SwiftyJSON.framework;
			remoteRef = BAF172661E6BBE55003B6383 /* PBXContainerItemProxy */;
			sourceTree = BUILT_PRODUCTS_DIR;
		};
		BAF172691E6BBE55003B6383 /* SwiftyJSON tvOS Tests.xctest */ = {
			isa = PBXReferenceProxy;
			fileType = wrapper.cfbundle;
			path = "SwiftyJSON tvOS Tests.xctest";
			remoteRef = BAF172681E6BBE55003B6383 /* PBXContainerItemProxy */;
			sourceTree = BUILT_PRODUCTS_DIR;
		};
/* End PBXReferenceProxy section */

/* Begin PBXResourcesBuildPhase section */
		BACF29D11E1691A800E28D42 /* Resources */ = {
			isa = PBXResourcesBuildPhase;
			buildActionMask = 2147483647;
			files = (
				BA1AD46D1E18167B00E50ADB /* autobuild.py in Resources */,
				BACF29E31E1691A900E28D42 /* LaunchScreen.storyboard in Resources */,
				BAE15CEE1E711B93007EC21A /* gqq.mp3 in Resources */,
				BA1AD46E1E18167B00E50ADB /* exportOptions.plist in Resources */,
				BACF29E01E1691A900E28D42 /* Assets.xcassets in Resources */,
				BA99071F1E5D5CC600631F2C /* PersonView.html in Resources */,
				BACF29DE1E1691A900E28D42 /* Main.storyboard in Resources */,
			);
			runOnlyForDeploymentPostprocessing = 0;
		};
		BACF29E71E1691A900E28D42 /* Resources */ = {
			isa = PBXResourcesBuildPhase;
			buildActionMask = 2147483647;
			files = (
			);
			runOnlyForDeploymentPostprocessing = 0;
		};
		BACF29F21E1691A900E28D42 /* Resources */ = {
			isa = PBXResourcesBuildPhase;
			buildActionMask = 2147483647;
			files = (
			);
			runOnlyForDeploymentPostprocessing = 0;
		};
/* End PBXResourcesBuildPhase section */

/* Begin PBXSourcesBuildPhase section */
		BACF29CF1E1691A800E28D42 /* Sources */ = {
			isa = PBXSourcesBuildPhase;
			buildActionMask = 2147483647;
			files = (
				BA22A07F1E6BAB4400DD9213 /* SwiftyJson.h in Sources */,
				BACF29D71E1691A900E28D42 /* AppDelegate.swift in Sources */,
				BA350A3F1E6911C2005FA6BA /* ChannelContentView.swift in Sources */,
				BAAE82241E6EBEB500EDDC91 /* ChannelAudioView.swift in Sources */,
				BA350A401E6911C2005FA6BA /* ChannelMenuView.swift in Sources */,
				BA350A3B1E6911B9005FA6BA /* ChannelModel.swift in Sources */,
				BAB78A111E6B088100B41350 /* SwiftyJson.swift in Sources */,
				BA350A371E690FA6005FA6BA /* RecordViewController.swift in Sources */,
				BA350A351E690FA6005FA6BA /* FriendsViewController.swift in Sources */,
				BA350A381E690FA6005FA6BA /* ChannelViewController.swift in Sources */,
				BA8DCF361E6BAFA20082DFCD /* Package.swift in Sources */,
				BAFE836F1E737B8A00860B4B /* RecordContentView.swift in Sources */,
				BA350A361E690FA6005FA6BA /* PersonViewController.swift in Sources */,
			);
			runOnlyForDeploymentPostprocessing = 0;
		};
		BACF29E51E1691A900E28D42 /* Sources */ = {
			isa = PBXSourcesBuildPhase;
			buildActionMask = 2147483647;
			files = (
				BACF29EE1E1691A900E28D42 /* GoodNightTests.swift in Sources */,
			);
			runOnlyForDeploymentPostprocessing = 0;
		};
		BACF29F01E1691A900E28D42 /* Sources */ = {
			isa = PBXSourcesBuildPhase;
			buildActionMask = 2147483647;
			files = (
				BACF29F91E1691A900E28D42 /* GoodNightUITests.swift in Sources */,
			);
			runOnlyForDeploymentPostprocessing = 0;
		};
/* End PBXSourcesBuildPhase section */

/* Begin PBXTargetDependency section */
		BACF29EB1E1691A900E28D42 /* PBXTargetDependency */ = {
			isa = PBXTargetDependency;
			target = BACF29D21E1691A800E28D42 /* GoodNight */;
			targetProxy = BACF29EA1E1691A900E28D42 /* PBXContainerItemProxy */;
		};
		BACF29F61E1691A900E28D42 /* PBXTargetDependency */ = {
			isa = PBXTargetDependency;
			target = BACF29D21E1691A800E28D42 /* GoodNight */;
			targetProxy = BACF29F51E1691A900E28D42 /* PBXContainerItemProxy */;
		};
		BAF1726D1E6BBE5F003B6383 /* PBXTargetDependency */ = {
			isa = PBXTargetDependency;
			name = "SwiftyJSON iOS";
			targetProxy = BAF1726C1E6BBE5F003B6383 /* PBXContainerItemProxy */;
		};
/* End PBXTargetDependency section */

/* Begin PBXVariantGroup section */
		BACF29DC1E1691A900E28D42 /* Main.storyboard */ = {
			isa = PBXVariantGroup;
			children = (
				BACF29DD1E1691A900E28D42 /* Base */,
			);
			name = Main.storyboard;
			sourceTree = "<group>";
		};
		BACF29E11E1691A900E28D42 /* LaunchScreen.storyboard */ = {
			isa = PBXVariantGroup;
			children = (
				BACF29E21E1691A900E28D42 /* Base */,
			);
			name = LaunchScreen.storyboard;
			sourceTree = "<group>";
		};
/* End PBXVariantGroup section */

/* Begin XCBuildConfiguration section */
		BACF29FB1E1691A900E28D42 /* Debug */ = {
			isa = XCBuildConfiguration;
			buildSettings = {
				ALWAYS_SEARCH_USER_PATHS = NO;
				CLANG_ANALYZER_NONNULL = YES;
				CLANG_CXX_LANGUAGE_STANDARD = "gnu++0x";
				CLANG_CXX_LIBRARY = "libc++";
				CLANG_ENABLE_MODULES = YES;
				CLANG_ENABLE_OBJC_ARC = YES;
				CLANG_WARN_BOOL_CONVERSION = YES;
				CLANG_WARN_CONSTANT_CONVERSION = YES;
				CLANG_WARN_DIRECT_OBJC_ISA_USAGE = YES_ERROR;
				CLANG_WARN_DOCUMENTATION_COMMENTS = YES;
				CLANG_WARN_EMPTY_BODY = YES;
				CLANG_WARN_ENUM_CONVERSION = YES;
				CLANG_WARN_INFINITE_RECURSION = YES;
				CLANG_WARN_INT_CONVERSION = YES;
				CLANG_WARN_OBJC_ROOT_CLASS = YES_ERROR;
				CLANG_WARN_SUSPICIOUS_MOVES = YES;
				CLANG_WARN_UNREACHABLE_CODE = YES;
				CLANG_WARN__DUPLICATE_METHOD_MATCH = YES;
				"CODE_SIGN_IDENTITY[sdk=iphoneos*]" = "iPhone Developer";
				COPY_PHASE_STRIP = NO;
				DEBUG_INFORMATION_FORMAT = dwarf;
				ENABLE_STRICT_OBJC_MSGSEND = YES;
				ENABLE_TESTABILITY = YES;
				GCC_C_LANGUAGE_STANDARD = gnu99;
				GCC_DYNAMIC_NO_PIC = NO;
				GCC_NO_COMMON_BLOCKS = YES;
				GCC_OPTIMIZATION_LEVEL = 0;
				GCC_PREPROCESSOR_DEFINITIONS = (
					"DEBUG=1",
					"$(inherited)",
				);
				GCC_WARN_64_TO_32_BIT_CONVERSION = YES;
				GCC_WARN_ABOUT_RETURN_TYPE = YES_ERROR;
				GCC_WARN_UNDECLARED_SELECTOR = YES;
				GCC_WARN_UNINITIALIZED_AUTOS = YES_AGGRESSIVE;
				GCC_WARN_UNUSED_FUNCTION = YES;
				GCC_WARN_UNUSED_VARIABLE = YES;
				IPHONEOS_DEPLOYMENT_TARGET = 10.0;
				MTL_ENABLE_DEBUG_INFO = YES;
				ONLY_ACTIVE_ARCH = YES;
				SDKROOT = iphoneos;
				SWIFT_ACTIVE_COMPILATION_CONDITIONS = DEBUG;
				SWIFT_OPTIMIZATION_LEVEL = "-Onone";
			};
			name = Debug;
		};
		BACF29FC1E1691A900E28D42 /* Release */ = {
			isa = XCBuildConfiguration;
			buildSettings = {
				ALWAYS_SEARCH_USER_PATHS = NO;
				CLANG_ANALYZER_NONNULL = YES;
				CLANG_CXX_LANGUAGE_STANDARD = "gnu++0x";
				CLANG_CXX_LIBRARY = "libc++";
				CLANG_ENABLE_MODULES = YES;
				CLANG_ENABLE_OBJC_ARC = YES;
				CLANG_WARN_BOOL_CONVERSION = YES;
				CLANG_WARN_CONSTANT_CONVERSION = YES;
				CLANG_WARN_DIRECT_OBJC_ISA_USAGE = YES_ERROR;
				CLANG_WARN_DOCUMENTATION_COMMENTS = YES;
				CLANG_WARN_EMPTY_BODY = YES;
				CLANG_WARN_ENUM_CONVERSION = YES;
				CLANG_WARN_INFINITE_RECURSION = YES;
				CLANG_WARN_INT_CONVERSION = YES;
				CLANG_WARN_OBJC_ROOT_CLASS = YES_ERROR;
				CLANG_WARN_SUSPICIOUS_MOVES = YES;
				CLANG_WARN_UNREACHABLE_CODE = YES;
				CLANG_WARN__DUPLICATE_METHOD_MATCH = YES;
				"CODE_SIGN_IDENTITY[sdk=iphoneos*]" = "iPhone Developer";
				COPY_PHASE_STRIP = NO;
				DEBUG_INFORMATION_FORMAT = "dwarf-with-dsym";
				ENABLE_NS_ASSERTIONS = NO;
				ENABLE_STRICT_OBJC_MSGSEND = YES;
				GCC_C_LANGUAGE_STANDARD = gnu99;
				GCC_NO_COMMON_BLOCKS = YES;
				GCC_WARN_64_TO_32_BIT_CONVERSION = YES;
				GCC_WARN_ABOUT_RETURN_TYPE = YES_ERROR;
				GCC_WARN_UNDECLARED_SELECTOR = YES;
				GCC_WARN_UNINITIALIZED_AUTOS = YES_AGGRESSIVE;
				GCC_WARN_UNUSED_FUNCTION = YES;
				GCC_WARN_UNUSED_VARIABLE = YES;
				IPHONEOS_DEPLOYMENT_TARGET = 10.0;
				MTL_ENABLE_DEBUG_INFO = NO;
				SDKROOT = iphoneos;
				SWIFT_OPTIMIZATION_LEVEL = "-Owholemodule";
				VALIDATE_PRODUCT = YES;
			};
			name = Release;
		};
		BACF29FE1E1691A900E28D42 /* Debug */ = {
			isa = XCBuildConfiguration;
			buildSettings = {
				ALWAYS_EMBED_SWIFT_STANDARD_LIBRARIES = YES;
				ASSETCATALOG_COMPILER_APPICON_NAME = AppIcon;
				CODE_SIGN_ENTITLEMENTS = GoodNight/GoodNight.entitlements;
				"CODE_SIGN_IDENTITY[sdk=iphoneos*]" = "iPhone Developer";
				DEVELOPMENT_TEAM = BX9G65C6W8;
				INFOPLIST_FILE = GoodNight/Info.plist;
				IPHONEOS_DEPLOYMENT_TARGET = 10.0;
				LD_RUNPATH_SEARCH_PATHS = "$(inherited) @executable_path/Frameworks";
				PRODUCT_BUNDLE_IDENTIFIER = com.doopp.ios.goodnight;
				PRODUCT_NAME = "$(TARGET_NAME)";
				PROVISIONING_PROFILE = "";
				PROVISIONING_PROFILE_SPECIFIER = "";
				SWIFT_VERSION = 3.0;
				TARGETED_DEVICE_FAMILY = "1,2";
			};
			name = Debug;
		};
		BACF29FF1E1691A900E28D42 /* Release */ = {
			isa = XCBuildConfiguration;
			buildSettings = {
				ALWAYS_EMBED_SWIFT_STANDARD_LIBRARIES = YES;
				ASSETCATALOG_COMPILER_APPICON_NAME = AppIcon;
				CODE_SIGN_ENTITLEMENTS = GoodNight/GoodNight.entitlements;
				"CODE_SIGN_IDENTITY[sdk=iphoneos*]" = "iPhone Developer";
				DEVELOPMENT_TEAM = BX9G65C6W8;
				INFOPLIST_FILE = GoodNight/Info.plist;
				IPHONEOS_DEPLOYMENT_TARGET = 10.0;
				LD_RUNPATH_SEARCH_PATHS = "$(inherited) @executable_path/Frameworks";
				PRODUCT_BUNDLE_IDENTIFIER = com.doopp.ios.goodnight;
				PRODUCT_NAME = "$(TARGET_NAME)";
				SWIFT_VERSION = 3.0;
				TARGETED_DEVICE_FAMILY = "1,2";
			};
			name = Release;
		};
		BACF2A011E1691A900E28D42 /* Debug */ = {
			isa = XCBuildConfiguration;
			buildSettings = {
				ALWAYS_EMBED_SWIFT_STANDARD_LIBRARIES = YES;
				BUNDLE_LOADER = "$(TEST_HOST)";
				DEVELOPMENT_TEAM = BX9G65C6W8;
				INFOPLIST_FILE = GoodNightTests/Info.plist;
				LD_RUNPATH_SEARCH_PATHS = "$(inherited) @executable_path/Frameworks @loader_path/Frameworks";
				PRODUCT_BUNDLE_IDENTIFIER = com.doopp.ios.GoodNightTests;
				PRODUCT_NAME = "$(TARGET_NAME)";
				SWIFT_VERSION = 3.0;
				TEST_HOST = "$(BUILT_PRODUCTS_DIR)/GoodNight.app/GoodNight";
			};
			name = Debug;
		};
		BACF2A021E1691A900E28D42 /* Release */ = {
			isa = XCBuildConfiguration;
			buildSettings = {
				ALWAYS_EMBED_SWIFT_STANDARD_LIBRARIES = YES;
				BUNDLE_LOADER = "$(TEST_HOST)";
				DEVELOPMENT_TEAM = BX9G65C6W8;
				INFOPLIST_FILE = GoodNightTests/Info.plist;
				LD_RUNPATH_SEARCH_PATHS = "$(inherited) @executable_path/Frameworks @loader_path/Frameworks";
				PRODUCT_BUNDLE_IDENTIFIER = com.doopp.ios.GoodNightTests;
				PRODUCT_NAME = "$(TARGET_NAME)";
				SWIFT_VERSION = 3.0;
				TEST_HOST = "$(BUILT_PRODUCTS_DIR)/GoodNight.app/GoodNight";
			};
			name = Release;
		};
		BACF2A041E1691A900E28D42 /* Debug */ = {
			isa = XCBuildConfiguration;
			buildSettings = {
				ALWAYS_EMBED_SWIFT_STANDARD_LIBRARIES = YES;
				DEVELOPMENT_TEAM = BX9G65C6W8;
				INFOPLIST_FILE = GoodNightUITests/Info.plist;
				LD_RUNPATH_SEARCH_PATHS = "$(inherited) @executable_path/Frameworks @loader_path/Frameworks";
				PRODUCT_BUNDLE_IDENTIFIER = com.doopp.ios.GoodNightUITests;
				PRODUCT_NAME = "$(TARGET_NAME)";
				SWIFT_VERSION = 3.0;
				TEST_TARGET_NAME = GoodNight;
			};
			name = Debug;
		};
		BACF2A051E1691A900E28D42 /* Release */ = {
			isa = XCBuildConfiguration;
			buildSettings = {
				ALWAYS_EMBED_SWIFT_STANDARD_LIBRARIES = YES;
				DEVELOPMENT_TEAM = BX9G65C6W8;
				INFOPLIST_FILE = GoodNightUITests/Info.plist;
				LD_RUNPATH_SEARCH_PATHS = "$(inherited) @executable_path/Frameworks @loader_path/Frameworks";
				PRODUCT_BUNDLE_IDENTIFIER = com.doopp.ios.GoodNightUITests;
				PRODUCT_NAME = "$(TARGET_NAME)";
				SWIFT_VERSION = 3.0;
				TEST_TARGET_NAME = GoodNight;
			};
			name = Release;
		};
/* End XCBuildConfiguration section */

/* Begin XCConfigurationList section */
		BACF29CE1E1691A800E28D42 /* Build configuration list for PBXProject "GoodNight" */ = {
			isa = XCConfigurationList;
			buildConfigurations = (
				BACF29FB1E1691A900E28D42 /* Debug */,
				BACF29FC1E1691A900E28D42 /* Release */,
			);
			defaultConfigurationIsVisible = 0;
			defaultConfigurationName = Release;
		};
		BACF29FD1E1691A900E28D42 /* Build configuration list for PBXNativeTarget "GoodNight" */ = {
			isa = XCConfigurationList;
			buildConfigurations = (
				BACF29FE1E1691A900E28D42 /* Debug */,
				BACF29FF1E1691A900E28D42 /* Release */,
			);
			defaultConfigurationIsVisible = 0;
			defaultConfigurationName = Release;
		};
		BACF2A001E1691A900E28D42 /* Build configuration list for PBXNativeTarget "GoodNightTests" */ = {
			isa = XCConfigurationList;
			buildConfigurations = (
				BACF2A011E1691A900E28D42 /* Debug */,
				BACF2A021E1691A900E28D42 /* Release */,
			);
			defaultConfigurationIsVisible = 0;
			defaultConfigurationName = Release;
		};
		BACF2A031E1691A900E28D42 /* Build configuration list for PBXNativeTarget "GoodNightUITests" */ = {
			isa = XCConfigurationList;
			buildConfigurations = (
				BACF2A041E1691A900E28D42 /* Debug */,
				BACF2A051E1691A900E28D42 /* Release */,
			);
			defaultConfigurationIsVisible = 0;
			defaultConfigurationName = Release;
		};
/* End XCConfigurationList section */
	};
	rootObject = BACF29CB1E1691A800E28D42 /* Project object */;
}
